
Microsoft Visual Studio Solution File, Format Version 12.00
# Visual Studio Version 17
VisualStudioVersion = 17.1.32210.238
MinimumVisualStudioVersion = 10.0.40219.1
Project("{FAE04EC0-301F-11D3-BF4B-00C04F79EFBC}") = "HelloApp", "HelloApp.csproj", "{8894196E-C471-4CC5-B81C-23599860E558}"
EndProject
Global
	GlobalSection(SolutionConfigurationPlatforms) = preSolution
		Debug|Any CPU = Debug|Any CPU
		Release|Any CPU = Release|Any CPU
	EndGlobalSection
	GlobalSection(ProjectConfigurationPlatforms) = postSolution
		{8894196E-C471-4CC5-B81C-23599860E558}.Debug|Any CPU.ActiveCfg = Debug|Any CPU
		{8894196E-C471-4CC5-B81C-23599860E558}.Debug|Any CPU.Build.0 = Debug|Any CPU
		{8894196E-C471-4CC5-B81C-23599860E558}.Release|Any CPU.ActiveCfg = Release|Any CPU
		{8894196E-C471-4CC5-B81C-23599860E558}.Release|Any CPU.Build.0 = Release|Any CPU
	EndGlobalSection
	GlobalSection(SolutionProperties) = preSolution
		HideSolutionNode = FALSE
	EndGlobalSection
	GlobalSection(ExtensibilityGlobals) = postSolution
		SolutionGuid = {8AFBC910-89A8-423B-946E-7C72678B691D}
	EndGlobalSection
EndGlobal
